// !$*UTF8*$!
{
	archiveVersion = 1;
	classes = {
	};
	objectVersion = 55;
	objects = {

/* Begin PBXBuildFile section */
		4018C72126817ED800F27CA1 /* AppDelegate.swift in Sources */ = {isa = PBXBuildFile; fileRef = 4018C72026817ED800F27CA1 /* AppDelegate.swift */; };
		4018C72326817ED800F27CA1 /* SceneDelegate.swift in Sources */ = {isa = PBXBuildFile; fileRef = 4018C72226817ED800F27CA1 /* SceneDelegate.swift */; };
		4018C72526817ED800F27CA1 /* ViewController.swift in Sources */ = {isa = PBXBuildFile; fileRef = 4018C72426817ED800F27CA1 /* ViewController.swift */; };
		4018C72826817ED800F27CA1 /* Main.storyboard in Resources */ = {isa = PBXBuildFile; fileRef = 4018C72626817ED800F27CA1 /* Main.storyboard */; };
		4018C72A26817EDA00F27CA1 /* Assets.xcassets in Resources */ = {isa = PBXBuildFile; fileRef = 4018C72926817EDA00F27CA1 /* Assets.xcassets */; };
		4018C72D26817EDA00F27CA1 /* LaunchScreen.storyboard in Resources */ = {isa = PBXBuildFile; fileRef = 4018C72B26817EDA00F27CA1 /* LaunchScreen.storyboard */; };
		4018C73826817EDA00F27CA1 /* iOSTemplateAppTests.swift in Sources */ = {isa = PBXBuildFile; fileRef = 4018C73726817EDA00F27CA1 /* iOSTemplateAppTests.swift */; };
		4018C74226817EDA00F27CA1 /* iOSTemplateAppUITests.swift in Sources */ = {isa = PBXBuildFile; fileRef = 4018C74126817EDA00F27CA1 /* iOSTemplateAppUITests.swift */; };
/* End PBXBuildFile section */

/* Begin PBXContainerItemProxy section */
		4018C73426817EDA00F27CA1 /* PBXContainerItemProxy */ = {
			isa = PBXContainerItemProxy;
			containerPortal = 4018C71526817ED800F27CA1 /* Project object */;
			proxyType = 1;
			remoteGlobalIDString = 4018C71C26817ED800F27CA1;
			remoteInfo = iOSTemplateApp;
		};
		4018C73E26817EDA00F27CA1 /* PBXContainerItemProxy */ = {
			isa = PBXContainerItemProxy;
			containerPortal = 4018C71526817ED800F27CA1 /* Project object */;
			proxyType = 1;
			remoteGlobalIDString = 4018C71C26817ED800F27CA1;
			remoteInfo = iOSTemplateApp;
		};
/* End PBXContainerItemProxy section */

/* Begin PBXFileReference section */
		4018C71D26817ED800F27CA1 /* iOSTemplateApp.app */ = {isa = PBXFileReference; explicitFileType = wrapper.application; includeInIndex = 0; path = iOSTemplateApp.app; sourceTree = BUILT_PRODUCTS_DIR; };
		4018C72026817ED800F27CA1 /* AppDelegate.swift */ = {isa = PBXFileReference; lastKnownFileType = sourcecode.swift; path = AppDelegate.swift; sourceTree = "<group>"; };
		4018C72226817ED800F27CA1 /* SceneDelegate.swift */ = {isa = PBXFileReference; lastKnownFileType = sourcecode.swift; path = SceneDelegate.swift; sourceTree = "<group>"; };
		4018C72426817ED800F27CA1 /* ViewController.swift */ = {isa = PBXFileReference; lastKnownFileType = sourcecode.swift; path = ViewController.swift; sourceTree = "<group>"; };
		4018C72726817ED800F27CA1 /* Base */ = {isa = PBXFileReference; lastKnownFileType = file.storyboard; name = Base; path = Base.lproj/Main.storyboard; sourceTree = "<group>"; };
		4018C72926817EDA00F27CA1 /* Assets.xcassets */ = {isa = PBXFileReference; lastKnownFileType = folder.assetcatalog; path = Assets.xcassets; sourceTree = "<group>"; };
		4018C72C26817EDA00F27CA1 /* Base */ = {isa = PBXFileReference; lastKnownFileType = file.storyboard; name = Base; path = Base.lproj/LaunchScreen.storyboard; sourceTree = "<group>"; };
		4018C72E26817EDA00F27CA1 /* Info.plist */ = {isa = PBXFileReference; lastKnownFileType = text.plist.xml; path = Info.plist; sourceTree = "<group>"; };
		4018C73326817EDA00F27CA1 /* iOSTemplateAppTests.xctest */ = {isa = PBXFileReference; explicitFileType = wrapper.cfbundle; includeInIndex = 0; path = iOSTemplateAppTests.xctest; sourceTree = BUILT_PRODUCTS_DIR; };
		4018C73726817EDA00F27CA1 /* iOSTemplateAppTests.swift */ = {isa = PBXFileReference; lastKnownFileType = sourcecode.swift; path = iOSTemplateAppTests.swift; sourceTree = "<group>"; };
		4018C73D26817EDA00F27CA1 /* iOSTemplateAppUITests.xctest */ = {isa = PBXFileReference; explicitFileType = wrapper.cfbundle; includeInIndex = 0; path = iOSTemplateAppUITests.xctest; sourceTree = BUILT_PRODUCTS_DIR; };
		4018C74126817EDA00F27CA1 /* iOSTemplateAppUITests.swift */ = {isa = PBXFileReference; lastKnownFileType = sourcecode.swift; path = iOSTemplateAppUITests.swift; sourceTree = "<group>"; };
/* End PBXFileReference section */

/* Begin PBXFrameworksBuildPhase section */
		4018C71A26817ED800F27CA1 /* Frameworks */ = {
			isa = PBXFrameworksBuildPhase;
			buildActionMask = 2147483647;
			files = (
			);
			runOnlyForDeploymentPostprocessing = 0;
		};
		4018C73026817EDA00F27CA1 /* Frameworks */ = {
			isa = PBXFrameworksBuildPhase;
			buildActionMask = 2147483647;
			files = (
			);
			runOnlyForDeploymentPostprocessing = 0;
		};
		4018C73A26817EDA00F27CA1 /* Frameworks */ = {
			isa = PBXFrameworksBuildPhase;
			buildActionMask = 2147483647;
			files = (
			);
			runOnlyForDeploymentPostprocessing = 0;
		};
/* End PBXFrameworksBuildPhase section */

/* Begin PBXGroup section */
		4018C71426817ED800F27CA1 = {
			isa = PBXGroup;
			children = (
				4018C71F26817ED800F27CA1 /* iOSTemplateApp */,
				4018C73626817EDA00F27CA1 /* iOSTemplateAppTests */,
				4018C74026817EDA00F27CA1 /* iOSTemplateAppUITests */,
				4018C71E26817ED800F27CA1 /* Products */,
			);
			sourceTree = "<group>";
		};
		4018C71E26817ED800F27CA1 /* Products */ = {
			isa = PBXGroup;
			children = (
				4018C71D26817ED800F27CA1 /* iOSTemplateApp.app */,
				4018C73326817EDA00F27CA1 /* iOSTemplateAppTests.xctest */,
				4018C73D26817EDA00F27CA1 /* iOSTemplateAppUITests.xctest */,
			);
			name = Products;
			sourceTree = "<group>";
		};
		4018C71F26817ED800F27CA1 /* iOSTemplateApp */ = {
			isa = PBXGroup;
			children = (
				4018C72026817ED800F27CA1 /* AppDelegate.swift */,
				4018C72226817ED800F27CA1 /* SceneDelegate.swift */,
				4018C72426817ED800F27CA1 /* ViewController.swift */,
				4018C72626817ED800F27CA1 /* Main.storyboard */,
				4018C72926817EDA00F27CA1 /* Assets.xcassets */,
				4018C72B26817EDA00F27CA1 /* LaunchScreen.storyboard */,
				4018C72E26817EDA00F27CA1 /* Info.plist */,
			);
			path = iOSTemplateApp;
			sourceTree = "<group>";
		};
		4018C73626817EDA00F27CA1 /* iOSTemplateAppTests */ = {
			isa = PBXGroup;
			children = (
				4018C73726817EDA00F27CA1 /* iOSTemplateAppTests.swift */,
			);
			path = iOSTemplateAppTests;
			sourceTree = "<group>";
		};
		4018C74026817EDA00F27CA1 /* iOSTemplateAppUITests */ = {
			isa = PBXGroup;
			children = (
				4018C74126817EDA00F27CA1 /* iOSTemplateAppUITests.swift */,
			);
			path = iOSTemplateAppUITests;
			sourceTree = "<group>";
		};
/* End PBXGroup section */

/* Begin PBXNativeTarget section */
		4018C71C26817ED800F27CA1 /* iOSTemplateApp */ = {
			isa = PBXNativeTarget;
			buildConfigurationList = 4018C74526817EDA00F27CA1 /* Build configuration list for PBXNativeTarget "iOSTemplateApp" */;
			buildPhases = (
				4018C71926817ED800F27CA1 /* Sources */,
				4018C71A26817ED800F27CA1 /* Frameworks */,
				4018C71B26817ED800F27CA1 /* Resources */,
			);
			buildRules = (
			);
			dependencies = (
			);
			name = iOSTemplateApp;
			productName = iOSTemplateApp;
			productReference = 4018C71D26817ED800F27CA1 /* iOSTemplateApp.app */;
			productType = "com.apple.product-type.application";
		};
		4018C73226817EDA00F27CA1 /* iOSTemplateAppTests */ = {
			isa = PBXNativeTarget;
			buildConfigurationList = 4018C74826817EDA00F27CA1 /* Build configuration list for PBXNativeTarget "iOSTemplateAppTests" */;
			buildPhases = (
				4018C72F26817EDA00F27CA1 /* Sources */,
				4018C73026817EDA00F27CA1 /* Frameworks */,
				4018C73126817EDA00F27CA1 /* Resources */,
			);
			buildRules = (
			);
			dependencies = (
				4018C73526817EDA00F27CA1 /* PBXTargetDependency */,
			);
			name = iOSTemplateAppTests;
			productName = iOSTemplateAppTests;
			productReference = 4018C73326817EDA00F27CA1 /* iOSTemplateAppTests.xctest */;
			productType = "com.apple.product-type.bundle.unit-test";
		};
		4018C73C26817EDA00F27CA1 /* iOSTemplateAppUITests */ = {
			isa = PBXNativeTarget;
			buildConfigurationList = 4018C74B26817EDA00F27CA1 /* Build configuration list for PBXNativeTarget "iOSTemplateAppUITests" */;
			buildPhases = (
				4018C73926817EDA00F27CA1 /* Sources */,
				4018C73A26817EDA00F27CA1 /* Frameworks */,
				4018C73B26817EDA00F27CA1 /* Resources */,
			);
			buildRules = (
			);
			dependencies = (
				4018C73F26817EDA00F27CA1 /* PBXTargetDependency */,
			);
			name = iOSTemplateAppUITests;
			productName = iOSTemplateAppUITests;
			productReference = 4018C73D26817EDA00F27CA1 /* iOSTemplateAppUITests.xctest */;
			productType = "com.apple.product-type.bundle.ui-testing";
		};
/* End PBXNativeTarget section */

/* Begin PBXProject section */
		4018C71526817ED800F27CA1 /* Project object */ = {
			isa = PBXProject;
			attributes = {
				BuildIndependentTargetsInParallel = 1;
				LastSwiftUpdateCheck = 1300;
				LastUpgradeCheck = 1300;
				TargetAttributes = {
					4018C71C26817ED800F27CA1 = {
						CreatedOnToolsVersion = 13.0;
					};
					4018C73226817EDA00F27CA1 = {
						CreatedOnToolsVersion = 13.0;
						TestTargetID = 4018C71C26817ED800F27CA1;
					};
					4018C73C26817EDA00F27CA1 = {
						CreatedOnToolsVersion = 13.0;
						TestTargetID = 4018C71C26817ED800F27CA1;
					};
				};
			};
			buildConfigurationList = 4018C71826817ED800F27CA1 /* Build configuration list for PBXProject "iOSTemplateApp" */;
			compatibilityVersion = "Xcode 13.0";
			developmentRegion = en;
			hasScannedForEncodings = 0;
			knownRegions = (
				en,
				Base,
			);
			mainGroup = 4018C71426817ED800F27CA1;
			productRefGroup = 4018C71E26817ED800F27CA1 /* Products */;
			projectDirPath = "";
			projectRoot = "";
			targets = (
				4018C71C26817ED800F27CA1 /* iOSTemplateApp */,
				4018C73226817EDA00F27CA1 /* iOSTemplateAppTests */,
				4018C73C26817EDA00F27CA1 /* iOSTemplateAppUITests */,
			);
		};
/* End PBXProject section */

/* Begin PBXResourcesBuildPhase section */
		4018C71B26817ED800F27CA1 /* Resources */ = {
			isa = PBXResourcesBuildPhase;
			buildActionMask = 2147483647;
			files = (
				4018C72D26817EDA00F27CA1 /* LaunchScreen.storyboard in Resources */,
				4018C72A26817EDA00F27CA1 /* Assets.xcassets in Resources */,
				4018C72826817ED800F27CA1 /* Main.storyboard in Resources */,
			);
			runOnlyForDeploymentPostprocessing = 0;
		};
		4018C73126817EDA00F27CA1 /* Resources */ = {
			isa = PBXResourcesBuildPhase;
			buildActionMask = 2147483647;
			files = (
			);
			runOnlyForDeploymentPostprocessing = 0;
		};
		4018C73B26817EDA00F27CA1 /* Resources */ = {
			isa = PBXResourcesBuildPhase;
			buildActionMask = 2147483647;
			files = (
			);
			runOnlyForDeploymentPostprocessing = 0;
		};
/* End PBXResourcesBuildPhase section */

/* Begin PBXSourcesBuildPhase section */
		4018C71926817ED800F27CA1 /* Sources */ = {
			isa = PBXSourcesBuildPhase;
			buildActionMask = 2147483647;
			files = (
				4018C72526817ED800F27CA1 /* ViewController.swift in Sources */,
				4018C72126817ED800F27CA1 /* AppDelegate.swift in Sources */,
				4018C72326817ED800F27CA1 /* SceneDelegate.swift in Sources */,
			);
			runOnlyForDeploymentPostprocessing = 0;
		};
		4018C72F26817EDA00F27CA1 /* Sources */ = {
			isa = PBXSourcesBuildPhase;
			buildActionMask = 2147483647;
			files = (
				4018C73826817EDA00F27CA1 /* iOSTemplateAppTests.swift in Sources */,
			);
			runOnlyForDeploymentPostprocessing = 0;
		};
		4018C73926817EDA00F27CA1 /* Sources */ = {
			isa = PBXSourcesBuildPhase;
			buildActionMask = 2147483647;
			files = (
				4018C74226817EDA00F27CA1 /* iOSTemplateAppUITests.swift in Sources */,
			);
			runOnlyForDeploymentPostprocessing = 0;
		};
/* End PBXSourcesBuildPhase section */

/* Begin PBXTargetDependency section */
		4018C73526817EDA00F27CA1 /* PBXTargetDependency */ = {
			isa = PBXTargetDependency;
			target = 4018C71C26817ED800F27CA1 /* iOSTemplateApp */;
			targetProxy = 4018C73426817EDA00F27CA1 /* PBXContainerItemProxy */;
		};
		4018C73F26817EDA00F27CA1 /* PBXTargetDependency */ = {
			isa = PBXTargetDependency;
			target = 4018C71C26817ED800F27CA1 /* iOSTemplateApp */;
			targetProxy = 4018C73E26817EDA00F27CA1 /* PBXContainerItemProxy */;
		};
/* End PBXTargetDependency section */

/* Begin PBXVariantGroup section */
		4018C72626817ED800F27CA1 /* Main.storyboard */ = {
			isa = PBXVariantGroup;
			children = (
				4018C72726817ED800F27CA1 /* Base */,
			);
			name = Main.storyboard;
			sourceTree = "<group>";
		};
		4018C72B26817EDA00F27CA1 /* LaunchScreen.storyboard */ = {
			isa = PBXVariantGroup;
			children = (
				4018C72C26817EDA00F27CA1 /* Base */,
			);
			name = LaunchScreen.storyboard;
			sourceTree = "<group>";
		};
/* End PBXVariantGroup section */

/* Begin XCBuildConfiguration section */
		4018C74326817EDA00F27CA1 /* Debug */ = {
			isa = XCBuildConfiguration;
			buildSettings = {
				ALWAYS_SEARCH_USER_PATHS = NO;
				CLANG_ANALYZER_NONNULL = YES;
				CLANG_ANALYZER_NUMBER_OBJECT_CONVERSION = YES_AGGRESSIVE;
				CLANG_CXX_LANGUAGE_STANDARD = "gnu++14";
				CLANG_CXX_LIBRARY = "libc++";
				CLANG_ENABLE_MODULES = YES;
				CLANG_ENABLE_OBJC_ARC = YES;
				CLANG_ENABLE_OBJC_WEAK = YES;
				CLANG_WARN_BLOCK_CAPTURE_AUTORELEASING = YES;
				CLANG_WARN_BOOL_CONVERSION = YES;
				CLANG_WARN_COMMA = YES;
				CLANG_WARN_CONSTANT_CONVERSION = YES;
				CLANG_WARN_DEPRECATED_OBJC_IMPLEMENTATIONS = YES;
				CLANG_WARN_DIRECT_OBJC_ISA_USAGE = YES_ERROR;
				CLANG_WARN_DOCUMENTATION_COMMENTS = YES;
				CLANG_WARN_EMPTY_BODY = YES;
				CLANG_WARN_ENUM_CONVERSION = YES;
				CLANG_WARN_INFINITE_RECURSION = YES;
				CLANG_WARN_INT_CONVERSION = YES;
				CLANG_WARN_NON_LITERAL_NULL_CONVERSION = YES;
				CLANG_WARN_OBJC_IMPLICIT_RETAIN_SELF = YES;
				CLANG_WARN_OBJC_LITERAL_CONVERSION = YES;
				CLANG_WARN_OBJC_ROOT_CLASS = YES_ERROR;
				CLANG_WARN_QUOTED_INCLUDE_IN_FRAMEWORK_HEADER = YES;
				CLANG_WARN_RANGE_LOOP_ANALYSIS = YES;
				CLANG_WARN_STRICT_PROTOTYPES = YES;
				CLANG_WARN_SUSPICIOUS_MOVE = YES;
				CLANG_WARN_UNGUARDED_AVAILABILITY = YES_AGGRESSIVE;
				CLANG_WARN_UNREACHABLE_CODE = YES;
				CLANG_WARN__DUPLICATE_METHOD_MATCH = YES;
				COPY_PHASE_STRIP = NO;
				DEBUG_INFORMATION_FORMAT = dwarf;
				ENABLE_STRICT_OBJC_MSGSEND = YES;
				ENABLE_TESTABILITY = YES;
				GCC_C_LANGUAGE_STANDARD = gnu11;
				GCC_DYNAMIC_NO_PIC = NO;
				GCC_NO_COMMON_BLOCKS = YES;
				GCC_OPTIMIZATION_LEVEL = 0;
				GCC_PREPROCESSOR_DEFINITIONS = (
					"DEBUG=1",
					"$(inherited)",
				);
				GCC_WARN_64_TO_32_BIT_CONVERSION = YES;
				GCC_WARN_ABOUT_RETURN_TYPE = YES_ERROR;
				GCC_WARN_UNDECLARED_SELECTOR = YES;
				GCC_WARN_UNINITIALIZED_AUTOS = YES_AGGRESSIVE;
				GCC_WARN_UNUSED_FUNCTION = YES;
				GCC_WARN_UNUSED_VARIABLE = YES;
				IPHONEOS_DEPLOYMENT_TARGET = 15.0;
				MTL_ENABLE_DEBUG_INFO = INCLUDE_SOURCE;
				MTL_FAST_MATH = YES;
				ONLY_ACTIVE_ARCH = YES;
				SDKROOT = iphoneos;
				SWIFT_ACTIVE_COMPILATION_CONDITIONS = DEBUG;
				SWIFT_OPTIMIZATION_LEVEL = "-Onone";
			};
			name = Debug;
		};
		4018C74426817EDA00F27CA1 /* Release */ = {
			isa = XCBuildConfiguration;
			buildSettings = {
				ALWAYS_SEARCH_USER_PATHS = NO;
				CLANG_ANALYZER_NONNULL = YES;
				CLANG_ANALYZER_NUMBER_OBJECT_CONVERSION = YES_AGGRESSIVE;
				CLANG_CXX_LANGUAGE_STANDARD = "gnu++14";
				CLANG_CXX_LIBRARY = "libc++";
				CLANG_ENABLE_MODULES = YES;
				CLANG_ENABLE_OBJC_ARC = YES;
				CLANG_ENABLE_OBJC_WEAK = YES;
				CLANG_WARN_BLOCK_CAPTURE_AUTORELEASING = YES;
				CLANG_WARN_BOOL_CONVERSION = YES;
				CLANG_WARN_COMMA = YES;
				CLANG_WARN_CONSTANT_CONVERSION = YES;
				CLANG_WARN_DEPRECATED_OBJC_IMPLEMENTATIONS = YES;
				CLANG_WARN_DIRECT_OBJC_ISA_USAGE = YES_ERROR;
				CLANG_WARN_DOCUMENTATION_COMMENTS = YES;
				CLANG_WARN_EMPTY_BODY = YES;
				CLANG_WARN_ENUM_CONVERSION = YES;
				CLANG_WARN_INFINITE_RECURSION = YES;
				CLANG_WARN_INT_CONVERSION = YES;
				CLANG_WARN_NON_LITERAL_NULL_CONVERSION = YES;
				CLANG_WARN_OBJC_IMPLICIT_RETAIN_SELF = YES;
				CLANG_WARN_OBJC_LITERAL_CONVERSION = YES;
				CLANG_WARN_OBJC_ROOT_CLASS = YES_ERROR;
				CLANG_WARN_QUOTED_INCLUDE_IN_FRAMEWORK_HEADER = YES;
				CLANG_WARN_RANGE_LOOP_ANALYSIS = YES;
				CLANG_WARN_STRICT_PROTOTYPES = YES;
				CLANG_WARN_SUSPICIOUS_MOVE = YES;
				CLANG_WARN_UNGUARDED_AVAILABILITY = YES_AGGRESSIVE;
				CLANG_WARN_UNREACHABLE_CODE = YES;
				CLANG_WARN__DUPLICATE_METHOD_MATCH = YES;
				COPY_PHASE_STRIP = NO;
				DEBUG_INFORMATION_FORMAT = "dwarf-with-dsym";
				ENABLE_NS_ASSERTIONS = NO;
				ENABLE_STRICT_OBJC_MSGSEND = YES;
				GCC_C_LANGUAGE_STANDARD = gnu11;
				GCC_NO_COMMON_BLOCKS = YES;
				GCC_WARN_64_TO_32_BIT_CONVERSION = YES;
				GCC_WARN_ABOUT_RETURN_TYPE = YES_ERROR;
				GCC_WARN_UNDECLARED_SELECTOR = YES;
				GCC_WARN_UNINITIALIZED_AUTOS = YES_AGGRESSIVE;
				GCC_WARN_UNUSED_FUNCTION = YES;
				GCC_WARN_UNUSED_VARIABLE = YES;
				IPHONEOS_DEPLOYMENT_TARGET = 15.0;
				MTL_ENABLE_DEBUG_INFO = NO;
				MTL_FAST_MATH = YES;
				SDKROOT = iphoneos;
				SWIFT_COMPILATION_MODE = wholemodule;
				SWIFT_OPTIMIZATION_LEVEL = "-O";
				VALIDATE_PRODUCT = YES;
			};
			name = Release;
		};
		4018C74626817EDA00F27CA1 /* Debug */ = {
			isa = XCBuildConfiguration;
			buildSettings = {
				ASSETCATALOG_COMPILER_APPICON_NAME = AppIcon;
				ASSETCATALOG_COMPILER_GLOBAL_ACCENT_COLOR_NAME = AccentColor;
				CODE_SIGN_STYLE = Automatic;
				CURRENT_PROJECT_VERSION = 1;
				GENERATE_INFOPLIST_FILE = YES;
				INFOPLIST_FILE = iOSTemplateApp/Info.plist;
				INFOPLIST_KEY_UIApplicationSupportsIndirectInputEvents = YES;
				INFOPLIST_KEY_UILaunchStoryboardName = LaunchScreen;
				INFOPLIST_KEY_UIMainStoryboardFile = Main;
				INFOPLIST_KEY_UISupportedInterfaceOrientations_iPad = "UIInterfaceOrientationPortrait UIInterfaceOrientationPortraitUpsideDown UIInterfaceOrientationLandscapeLeft UIInterfaceOrientationLandscapeRight";
				INFOPLIST_KEY_UISupportedInterfaceOrientations_iPhone = "UIInterfaceOrientationPortrait UIInterfaceOrientationLandscapeLeft UIInterfaceOrientationLandscapeRight";
				LD_RUNPATH_SEARCH_PATHS = (
					"$(inherited)",
					"@executable_path/Frameworks",
				);
				MARKETING_VERSION = 1.0;
				PRODUCT_BUNDLE_IDENTIFIER = com.softbay.iOSTemplateApp;
				PRODUCT_NAME = "$(TARGET_NAME)";
				SWIFT_EMIT_LOC_STRINGS = YES;
				SWIFT_VERSION = 5.0;
				TARGETED_DEVICE_FAMILY = "1,2";
			};
			name = Debug;
		};
		4018C74726817EDA00F27CA1 /* Release */ = {
			isa = XCBuildConfiguration;
			buildSettings = {
				ASSETCATALOG_COMPILER_APPICON_NAME = AppIcon;
				ASSETCATALOG_COMPILER_GLOBAL_ACCENT_COLOR_NAME = AccentColor;
				CODE_SIGN_STYLE = Automatic;
				CURRENT_PROJECT_VERSION = 1;
				GENERATE_INFOPLIST_FILE = YES;
				INFOPLIST_FILE = iOSTemplateApp/Info.plist;
				INFOPLIST_KEY_UIApplicationSupportsIndirectInputEvents = YES;
				INFOPLIST_KEY_UILaunchStoryboardName = LaunchScreen;
				INFOPLIST_KEY_UIMainStoryboardFile = Main;
				INFOPLIST_KEY_UISupportedInterfaceOrientations_iPad = "UIInterfaceOrientationPortrait UIInterfaceOrientationPortraitUpsideDown UIInterfaceOrientationLandscapeLeft UIInterfaceOrientationLandscapeRight";
				INFOPLIST_KEY_UISupportedInterfaceOrientations_iPhone = "UIInterfaceOrientationPortrait UIInterfaceOrientationLandscapeLeft UIInterfaceOrientationLandscapeRight";
				LD_RUNPATH_SEARCH_PATHS = (
					"$(inherited)",
					"@executable_path/Frameworks",
				);
				MARKETING_VERSION = 1.0;
				PRODUCT_BUNDLE_IDENTIFIER = com.softbay.iOSTemplateApp;
				PRODUCT_NAME = "$(TARGET_NAME)";
				SWIFT_EMIT_LOC_STRINGS = YES;
				SWIFT_VERSION = 5.0;
				TARGETED_DEVICE_FAMILY = "1,2";
			};
			name = Release;
		};
		4018C74926817EDA00F27CA1 /* Debug */ = {
			isa = XCBuildConfiguration;
			buildSettings = {
				ALWAYS_EMBED_SWIFT_STANDARD_LIBRARIES = YES;
				BUNDLE_LOADER = "$(TEST_HOST)";
				CODE_SIGN_STYLE = Automatic;
				CURRENT_PROJECT_VERSION = 1;
				GENERATE_INFOPLIST_FILE = YES;
				IPHONEOS_DEPLOYMENT_TARGET = 15.0;
				LD_RUNPATH_SEARCH_PATHS = (
					"$(inherited)",
					"@executable_path/Frameworks",
					"@loader_path/Frameworks",
				);
				MARKETING_VERSION = 1.0;
				PRODUCT_BUNDLE_IDENTIFIER = com.softbay.iOSTemplateAppTests;
				PRODUCT_NAME = "$(TARGET_NAME)";
				SWIFT_EMIT_LOC_STRINGS = NO;
				SWIFT_VERSION = 5.0;
				TARGETED_DEVICE_FAMILY = "1,2";
				TEST_HOST = "$(BUILT_PRODUCTS_DIR)/iOSTemplateApp.app/iOSTemplateApp";
			};
			name = Debug;
		};
		4018C74A26817EDA00F27CA1 /* Release */ = {
			isa = XCBuildConfiguration;
			buildSettings = {
				ALWAYS_EMBED_SWIFT_STANDARD_LIBRARIES = YES;
				BUNDLE_LOADER = "$(TEST_HOST)";
				CODE_SIGN_STYLE = Automatic;
				CURRENT_PROJECT_VERSION = 1;
				GENERATE_INFOPLIST_FILE = YES;
				IPHONEOS_DEPLOYMENT_TARGET = 15.0;
				LD_RUNPATH_SEARCH_PATHS = (
					"$(inherited)",
					"@executable_path/Frameworks",
					"@loader_path/Frameworks",
				);
				MARKETING_VERSION = 1.0;
				PRODUCT_BUNDLE_IDENTIFIER = com.softbay.iOSTemplateAppTests;
				PRODUCT_NAME = "$(TARGET_NAME)";
				SWIFT_EMIT_LOC_STRINGS = NO;
				SWIFT_VERSION = 5.0;
				TARGETED_DEVICE_FAMILY = "1,2";
				TEST_HOST = "$(BUILT_PRODUCTS_DIR)/iOSTemplateApp.app/iOSTemplateApp";
			};
			name = Release;
		};
		4018C74C26817EDA00F27CA1 /* Debug */ = {
			isa = XCBuildConfiguration;
			buildSettings = {
				ALWAYS_EMBED_SWIFT_STANDARD_LIBRARIES = YES;
				CODE_SIGN_STYLE = Automatic;
				CURRENT_PROJECT_VERSION = 1;
				GENERATE_INFOPLIST_FILE = YES;
				LD_RUNPATH_SEARCH_PATHS = (
					"$(inherited)",
					"@executable_path/Frameworks",
					"@loader_path/Frameworks",
				);
				MARKETING_VERSION = 1.0;
				PRODUCT_BUNDLE_IDENTIFIER = com.softbay.iOSTemplateAppUITests;
				PRODUCT_NAME = "$(TARGET_NAME)";
				SWIFT_EMIT_LOC_STRINGS = NO;
				SWIFT_VERSION = 5.0;
				TARGETED_DEVICE_FAMILY = "1,2";
				TEST_TARGET_NAME = iOSTemplateApp;
			};
			name = Debug;
		};
		4018C74D26817EDA00F27CA1 /* Release */ = {
			isa = XCBuildConfiguration;
			buildSettings = {
				ALWAYS_EMBED_SWIFT_STANDARD_LIBRARIES = YES;
				CODE_SIGN_STYLE = Automatic;
				CURRENT_PROJECT_VERSION = 1;
				GENERATE_INFOPLIST_FILE = YES;
				LD_RUNPATH_SEARCH_PATHS = (
					"$(inherited)",
					"@executable_path/Frameworks",
					"@loader_path/Frameworks",
				);
				MARKETING_VERSION = 1.0;
				PRODUCT_BUNDLE_IDENTIFIER = com.softbay.iOSTemplateAppUITests;
				PRODUCT_NAME = "$(TARGET_NAME)";
				SWIFT_EMIT_LOC_STRINGS = NO;
				SWIFT_VERSION = 5.0;
				TARGETED_DEVICE_FAMILY = "1,2";
				TEST_TARGET_NAME = iOSTemplateApp;
			};
			name = Release;
		};
/* End XCBuildConfiguration section */

/* Begin XCConfigurationList section */
		4018C71826817ED800F27CA1 /* Build configuration list for PBXProject "iOSTemplateApp" */ = {
			isa = XCConfigurationList;
			buildConfigurations = (
				4018C74326817EDA00F27CA1 /* Debug */,
				4018C74426817EDA00F27CA1 /* Release */,
			);
			defaultConfigurationIsVisible = 0;
			defaultConfigurationName = Release;
		};
		4018C74526817EDA00F27CA1 /* Build configuration list for PBXNativeTarget "iOSTemplateApp" */ = {
			isa = XCConfigurationList;
			buildConfigurations = (
				4018C74626817EDA00F27CA1 /* Debug */,
				4018C74726817EDA00F27CA1 /* Release */,
			);
			defaultConfigurationIsVisible = 0;
			defaultConfigurationName = Release;
		};
		4018C74826817EDA00F27CA1 /* Build configuration list for PBXNativeTarget "iOSTemplateAppTests" */ = {
			isa = XCConfigurationList;
			buildConfigurations = (
				4018C74926817EDA00F27CA1 /* Debug */,
				4018C74A26817EDA00F27CA1 /* Release */,
			);
			defaultConfigurationIsVisible = 0;
			defaultConfigurationName = Release;
		};
		4018C74B26817EDA00F27CA1 /* Build configuration list for PBXNativeTarget "iOSTemplateAppUITests" */ = {
			isa = XCConfigurationList;
			buildConfigurations = (
				4018C74C26817EDA00F27CA1 /* Debug */,
				4018C74D26817EDA00F27CA1 /* Release */,
			);
			defaultConfigurationIsVisible = 0;
			defaultConfigurationName = Release;
		};
/* End XCConfigurationList section */
	};
	rootObject = 4018C71526817ED800F27CA1 /* Project object */;
}
